
Microsoft Visual Studio Solution File, Format Version 12.00
# Visual Studio Version 16
VisualStudioVersion = 16.0.29920.165
MinimumVisualStudioVersion = 10.0.40219.1
Project("{FAE04EC0-301F-11D3-BF4B-00C04F79EFBC}") = "W9HL9H.UWP", "W9HL9H\W9HL9H.UWP\W9HL9H.UWP.csproj", "{EFD541AC-D7B9-4468-956A-A6764E0C0F23}"
EndProject
Project("{FAE04EC0-301F-11D3-BF4B-00C04F79EFBC}") = "W9HL9H.Android", "W9HL9H\W9HL9H.Android\W9HL9H.Android.csproj", "{E2EF7A29-711D-4E0E-B84A-E6D57DF3F869}"
EndProject
Project("{FAE04EC0-301F-11D3-BF4B-00C04F79EFBC}") = "W9HL9H.iOS", "W9HL9H\W9HL9H.iOS\W9HL9H.iOS.csproj", "{B4940211-D7A1-4CD7-94D0-AC468A524E1F}"
EndProject
Project("{FAE04EC0-301F-11D3-BF4B-00C04F79EFBC}") = "W9HL9H", "W9HL9H\W9HL9H\W9HL9H.csproj", "{31E7D08D-2541-45A6-B8AA-75F1DEE2228D}"
EndProject
Global
	GlobalSection(SolutionConfigurationPlatforms) = preSolution
		Debug|Any CPU = Debug|Any CPU
		Debug|ARM = Debug|ARM
		Debug|iPhone = Debug|iPhone
		Debug|iPhoneSimulator = Debug|iPhoneSimulator
		Debug|x64 = Debug|x64
		Debug|x86 = Debug|x86
		Release|Any CPU = Release|Any CPU
		Release|ARM = Release|ARM
		Release|iPhone = Release|iPhone
		Release|iPhoneSimulator = Release|iPhoneSimulator
		Release|x64 = Release|x64
		Release|x86 = Release|x86
	EndGlobalSection
	GlobalSection(ProjectConfigurationPlatforms) = postSolution
		{EFD541AC-D7B9-4468-956A-A6764E0C0F23}.Debug|Any CPU.ActiveCfg = Debug|x86
		{EFD541AC-D7B9-4468-956A-A6764E0C0F23}.Debug|Any CPU.Build.0 = Debug|x86
		{EFD541AC-D7B9-4468-956A-A6764E0C0F23}.Debug|Any CPU.Deploy.0 = Debug|x86
		{EFD541AC-D7B9-4468-956A-A6764E0C0F23}.Debug|ARM.ActiveCfg = Debug|ARM
		{EFD541AC-D7B9-4468-956A-A6764E0C0F23}.Debug|ARM.Build.0 = Debug|ARM
		{EFD541AC-D7B9-4468-956A-A6764E0C0F23}.Debug|ARM.Deploy.0 = Debug|ARM
		{EFD541AC-D7B9-4468-956A-A6764E0C0F23}.Debug|iPhone.ActiveCfg = Debug|x86
		{EFD541AC-D7B9-4468-956A-A6764E0C0F23}.Debug|iPhone.Build.0 = Debug|x86
		{EFD541AC-D7B9-4468-956A-A6764E0C0F23}.Debug|iPhone.Deploy.0 = Debug|x86
		{EFD541AC-D7B9-4468-956A-A6764E0C0F23}.Debug|iPhoneSimulator.ActiveCfg = Debug|x86
		{EFD541AC-D7B9-4468-956A-A6764E0C0F23}.Debug|iPhoneSimulator.Build.0 = Debug|x86
		{EFD541AC-D7B9-4468-956A-A6764E0C0F23}.Debug|iPhoneSimulator.Deploy.0 = Debug|x86
		{EFD541AC-D7B9-4468-956A-A6764E0C0F23}.Debug|x64.ActiveCfg = Debug|x64
		{EFD541AC-D7B9-4468-956A-A6764E0C0F23}.Debug|x64.Build.0 = Debug|x64
		{EFD541AC-D7B9-4468-956A-A6764E0C0F23}.Debug|x64.Deploy.0 = Debug|x64
		{EFD541AC-D7B9-4468-956A-A6764E0C0F23}.Debug|x86.ActiveCfg = Debug|x86
		{EFD541AC-D7B9-4468-956A-A6764E0C0F23}.Debug|x86.Build.0 = Debug|x86
		{EFD541AC-D7B9-4468-956A-A6764E0C0F23}.Debug|x86.Deploy.0 = Debug|x86
		{EFD541AC-D7B9-4468-956A-A6764E0C0F23}.Release|Any CPU.ActiveCfg = Release|x86
		{EFD541AC-D7B9-4468-956A-A6764E0C0F23}.Release|Any CPU.Build.0 = Release|x86
		{EFD541AC-D7B9-4468-956A-A6764E0C0F23}.Release|Any CPU.Deploy.0 = Release|x86
		{EFD541AC-D7B9-4468-956A-A6764E0C0F23}.Release|ARM.ActiveCfg = Release|ARM
		{EFD541AC-D7B9-4468-956A-A6764E0C0F23}.Release|ARM.Build.0 = Release|ARM
		{EFD541AC-D7B9-4468-956A-A6764E0C0F23}.Release|ARM.Deploy.0 = Release|ARM
		{EFD541AC-D7B9-4468-956A-A6764E0C0F23}.Release|iPhone.ActiveCfg = Release|x86
		{EFD541AC-D7B9-4468-956A-A6764E0C0F23}.Release|iPhone.Build.0 = Release|x86
		{EFD541AC-D7B9-4468-956A-A6764E0C0F23}.Release|iPhone.Deploy.0 = Release|x86
		{EFD541AC-D7B9-4468-956A-A6764E0C0F23}.Release|iPhoneSimulator.ActiveCfg = Release|x86
		{EFD541AC-D7B9-4468-956A-A6764E0C0F23}.Release|iPhoneSimulator.Build.0 = Release|x86
		{EFD541AC-D7B9-4468-956A-A6764E0C0F23}.Release|iPhoneSimulator.Deploy.0 = Release|x86
		{EFD541AC-D7B9-4468-956A-A6764E0C0F23}.Release|x64.ActiveCfg = Release|x64
		{EFD541AC-D7B9-4468-956A-A6764E0C0F23}.Release|x64.Build.0 = Release|x64
		{EFD541AC-D7B9-4468-956A-A6764E0C0F23}.Release|x64.Deploy.0 = Release|x64
		{EFD541AC-D7B9-4468-956A-A6764E0C0F23}.Release|x86.ActiveCfg = Release|x86
		{EFD541AC-D7B9-4468-956A-A6764E0C0F23}.Release|x86.Build.0 = Release|x86
		{EFD541AC-D7B9-4468-956A-A6764E0C0F23}.Release|x86.Deploy.0 = Release|x86
		{E2EF7A29-711D-4E0E-B84A-E6D57DF3F869}.Debug|Any CPU.ActiveCfg = Debug|Any CPU
		{E2EF7A29-711D-4E0E-B84A-E6D57DF3F869}.Debug|Any CPU.Build.0 = Debug|Any CPU
		{E2EF7A29-711D-4E0E-B84A-E6D57DF3F869}.Debug|Any CPU.Deploy.0 = Debug|Any CPU
		{E2EF7A29-711D-4E0E-B84A-E6D57DF3F869}.Debug|ARM.ActiveCfg = Debug|Any CPU
		{E2EF7A29-711D-4E0E-B84A-E6D57DF3F869}.Debug|ARM.Build.0 = Debug|Any CPU
		{E2EF7A29-711D-4E0E-B84A-E6D57DF3F869}.Debug|ARM.Deploy.0 = Debug|Any CPU
		{E2EF7A29-711D-4E0E-B84A-E6D57DF3F869}.Debug|iPhone.ActiveCfg = Debug|Any CPU
		{E2EF7A29-711D-4E0E-B84A-E6D57DF3F869}.Debug|iPhone.Build.0 = Debug|Any CPU
		{E2EF7A29-711D-4E0E-B84A-E6D57DF3F869}.Debug|iPhone.Deploy.0 = Debug|Any CPU
		{E2EF7A29-711D-4E0E-B84A-E6D57DF3F869}.Debug|iPhoneSimulator.ActiveCfg = Debug|Any CPU
		{E2EF7A29-711D-4E0E-B84A-E6D57DF3F869}.Debug|iPhoneSimulator.Build.0 = Debug|Any CPU
		{E2EF7A29-711D-4E0E-B84A-E6D57DF3F869}.Debug|iPhoneSimulator.Deploy.0 = Debug|Any CPU
		{E2EF7A29-711D-4E0E-B84A-E6D57DF3F869}.Debug|x64.ActiveCfg = Debug|Any CPU
		{E2EF7A29-711D-4E0E-B84A-E6D57DF3F869}.Debug|x64.Build.0 = Debug|Any CPU
		{E2EF7A29-711D-4E0E-B84A-E6D57DF3F869}.Debug|x64.Deploy.0 = Debug|Any CPU
		{E2EF7A29-711D-4E0E-B84A-E6D57DF3F869}.Debug|x86.ActiveCfg = Debug|Any CPU
		{E2EF7A29-711D-4E0E-B84A-E6D57DF3F869}.Debug|x86.Build.0 = Debug|Any CPU
		{E2EF7A29-711D-4E0E-B84A-E6D57DF3F869}.Debug|x86.Deploy.0 = Debug|Any CPU
		{E2EF7A29-711D-4E0E-B84A-E6D57DF3F869}.Release|Any CPU.ActiveCfg = Release|Any CPU
		{E2EF7A29-711D-4E0E-B84A-E6D57DF3F869}.Release|Any CPU.Build.0 = Release|Any CPU
		{E2EF7A29-711D-4E0E-B84A-E6D57DF3F869}.Release|Any CPU.Deploy.0 = Release|Any CPU
		{E2EF7A29-711D-4E0E-B84A-E6D57DF3F869}.Release|ARM.ActiveCfg = Release|Any CPU
		{E2EF7A29-711D-4E0E-B84A-E6D57DF3F869}.Release|ARM.Build.0 = Release|Any CPU
		{E2EF7A29-711D-4E0E-B84A-E6D57DF3F869}.Release|ARM.Deploy.0 = Release|Any CPU
		{E2EF7A29-711D-4E0E-B84A-E6D57DF3F869}.Release|iPhone.ActiveCfg = Release|Any CPU
		{E2EF7A29-711D-4E0E-B84A-E6D57DF3F869}.Release|iPhone.Build.0 = Release|Any CPU
		{E2EF7A29-711D-4E0E-B84A-E6D57DF3F869}.Release|iPhone.Deploy.0 = Release|Any CPU
		{E2EF7A29-711D-4E0E-B84A-E6D57DF3F869}.Release|iPhoneSimulator.ActiveCfg = Release|Any CPU
		{E2EF7A29-711D-4E0E-B84A-E6D57DF3F869}.Release|iPhoneSimulator.Build.0 = Release|Any CPU
		{E2EF7A29-711D-4E0E-B84A-E6D57DF3F869}.Release|iPhoneSimulator.Deploy.0 = Release|Any CPU
		{E2EF7A29-711D-4E0E-B84A-E6D57DF3F869}.Release|x64.ActiveCfg = Release|Any CPU
		{E2EF7A29-711D-4E0E-B84A-E6D57DF3F869}.Release|x64.Build.0 = Release|Any CPU
		{E2EF7A29-711D-4E0E-B84A-E6D57DF3F869}.Release|x64.Deploy.0 = Release|Any CPU
		{E2EF7A29-711D-4E0E-B84A-E6D57DF3F869}.Release|x86.ActiveCfg = Release|Any CPU
		{E2EF7A29-711D-4E0E-B84A-E6D57DF3F869}.Release|x86.Build.0 = Release|Any CPU
		{E2EF7A29-711D-4E0E-B84A-E6D57DF3F869}.Release|x86.Deploy.0 = Release|Any CPU
		{B4940211-D7A1-4CD7-94D0-AC468A524E1F}.Debug|Any CPU.ActiveCfg = Debug|iPhone
		{B4940211-D7A1-4CD7-94D0-AC468A524E1F}.Debug|Any CPU.Build.0 = Debug|iPhone
		{B4940211-D7A1-4CD7-94D0-AC468A524E1F}.Debug|Any CPU.Deploy.0 = Debug|iPhone
		{B4940211-D7A1-4CD7-94D0-AC468A524E1F}.Debug|ARM.ActiveCfg = Debug|iPhone
		{B4940211-D7A1-4CD7-94D0-AC468A524E1F}.Debug|ARM.Build.0 = Debug|iPhone
		{B4940211-D7A1-4CD7-94D0-AC468A524E1F}.Debug|ARM.Deploy.0 = Debug|iPhone
		{B4940211-D7A1-4CD7-94D0-AC468A524E1F}.Debug|iPhone.ActiveCfg = Debug|iPhone
		{B4940211-D7A1-4CD7-94D0-AC468A524E1F}.Debug|iPhone.Build.0 = Debug|iPhone
		{B4940211-D7A1-4CD7-94D0-AC468A524E1F}.Debug|iPhone.Deploy.0 = Debug|iPhone
		{B4940211-D7A1-4CD7-94D0-AC468A524E1F}.Debug|iPhoneSimulator.ActiveCfg = Debug|iPhoneSimulator
		{B4940211-D7A1-4CD7-94D0-AC468A524E1F}.Debug|iPhoneSimulator.Build.0 = Debug|iPhoneSimulator
		{B4940211-D7A1-4CD7-94D0-AC468A524E1F}.Debug|iPhoneSimulator.Deploy.0 = Debug|iPhoneSimulator
		{B4940211-D7A1-4CD7-94D0-AC468A524E1F}.Debug|x64.ActiveCfg = Debug|iPhone
		{B4940211-D7A1-4CD7-94D0-AC468A524E1F}.Debug|x64.Build.0 = Debug|iPhone
		{B4940211-D7A1-4CD7-94D0-AC468A524E1F}.Debug|x64.Deploy.0 = Debug|iPhone
		{B4940211-D7A1-4CD7-94D0-AC468A524E1F}.Debug|x86.ActiveCfg = Debug|iPhone
		{B4940211-D7A1-4CD7-94D0-AC468A524E1F}.Debug|x86.Build.0 = Debug|iPhone
		{B4940211-D7A1-4CD7-94D0-AC468A524E1F}.Debug|x86.Deploy.0 = Debug|iPhone
		{B4940211-D7A1-4CD7-94D0-AC468A524E1F}.Release|Any CPU.ActiveCfg = Release|iPhone
		{B4940211-D7A1-4CD7-94D0-AC468A524E1F}.Release|Any CPU.Build.0 = Release|iPhone
		{B4940211-D7A1-4CD7-94D0-AC468A524E1F}.Release|Any CPU.Deploy.0 = Release|iPhone
		{B4940211-D7A1-4CD7-94D0-AC468A524E1F}.Release|ARM.ActiveCfg = Release|iPhone
		{B4940211-D7A1-4CD7-94D0-AC468A524E1F}.Release|ARM.Build.0 = Release|iPhone
		{B4940211-D7A1-4CD7-94D0-AC468A524E1F}.Release|ARM.Deploy.0 = Release|iPhone
		{B4940211-D7A1-4CD7-94D0-AC468A524E1F}.Release|iPhone.ActiveCfg = Release|iPhone
		{B4940211-D7A1-4CD7-94D0-AC468A524E1F}.Release|iPhone.Build.0 = Release|iPhone
		{B4940211-D7A1-4CD7-94D0-AC468A524E1F}.Release|iPhone.Deploy.0 = Release|iPhone
		{B4940211-D7A1-4CD7-94D0-AC468A524E1F}.Release|iPhoneSimulator.ActiveCfg = Release|iPhoneSimulator
		{B4940211-D7A1-4CD7-94D0-AC468A524E1F}.Release|iPhoneSimulator.Build.0 = Release|iPhoneSimulator
		{B4940211-D7A1-4CD7-94D0-AC468A524E1F}.Release|iPhoneSimulator.Deploy.0 = Release|iPhoneSimulator
		{B4940211-D7A1-4CD7-94D0-AC468A524E1F}.Release|x64.ActiveCfg = Release|iPhone
		{B4940211-D7A1-4CD7-94D0-AC468A524E1F}.Release|x64.Build.0 = Release|iPhone
		{B4940211-D7A1-4CD7-94D0-AC468A524E1F}.Release|x64.Deploy.0 = Release|iPhone
		{B4940211-D7A1-4CD7-94D0-AC468A524E1F}.Release|x86.ActiveCfg = Release|iPhone
		{B4940211-D7A1-4CD7-94D0-AC468A524E1F}.Release|x86.Build.0 = Release|iPhone
		{B4940211-D7A1-4CD7-94D0-AC468A524E1F}.Release|x86.Deploy.0 = Release|iPhone
		{31E7D08D-2541-45A6-B8AA-75F1DEE2228D}.Debug|Any CPU.ActiveCfg = Debug|Any CPU
		{31E7D08D-2541-45A6-B8AA-75F1DEE2228D}.Debug|Any CPU.Build.0 = Debug|Any CPU
		{31E7D08D-2541-45A6-B8AA-75F1DEE2228D}.Debug|Any CPU.Deploy.0 = Debug|Any CPU
		{31E7D08D-2541-45A6-B8AA-75F1DEE2228D}.Debug|ARM.ActiveCfg = Debug|Any CPU
		{31E7D08D-2541-45A6-B8AA-75F1DEE2228D}.Debug|ARM.Build.0 = Debug|Any CPU
		{31E7D08D-2541-45A6-B8AA-75F1DEE2228D}.Debug|ARM.Deploy.0 = Debug|Any CPU
		{31E7D08D-2541-45A6-B8AA-75F1DEE2228D}.Debug|iPhone.ActiveCfg = Debug|Any CPU
		{31E7D08D-2541-45A6-B8AA-75F1DEE2228D}.Debug|iPhone.Build.0 = Debug|Any CPU
		{31E7D08D-2541-45A6-B8AA-75F1DEE2228D}.Debug|iPhone.Deploy.0 = Debug|Any CPU
		{31E7D08D-2541-45A6-B8AA-75F1DEE2228D}.Debug|iPhoneSimulator.ActiveCfg = Debug|Any CPU
		{31E7D08D-2541-45A6-B8AA-75F1DEE2228D}.Debug|iPhoneSimulator.Build.0 = Debug|Any CPU
		{31E7D08D-2541-45A6-B8AA-75F1DEE2228D}.Debug|iPhoneSimulator.Deploy.0 = Debug|Any CPU
		{31E7D08D-2541-45A6-B8AA-75F1DEE2228D}.Debug|x64.ActiveCfg = Debug|Any CPU
		{31E7D08D-2541-45A6-B8AA-75F1DEE2228D}.Debug|x64.Build.0 = Debug|Any CPU
		{31E7D08D-2541-45A6-B8AA-75F1DEE2228D}.Debug|x64.Deploy.0 = Debug|Any CPU
		{31E7D08D-2541-45A6-B8AA-75F1DEE2228D}.Debug|x86.ActiveCfg = Debug|Any CPU
		{31E7D08D-2541-45A6-B8AA-75F1DEE2228D}.Debug|x86.Build.0 = Debug|Any CPU
		{31E7D08D-2541-45A6-B8AA-75F1DEE2228D}.Debug|x86.Deploy.0 = Debug|Any CPU
		{31E7D08D-2541-45A6-B8AA-75F1DEE2228D}.Release|Any CPU.ActiveCfg = Release|Any CPU
		{31E7D08D-2541-45A6-B8AA-75F1DEE2228D}.Release|Any CPU.Build.0 = Release|Any CPU
		{31E7D08D-2541-45A6-B8AA-75F1DEE2228D}.Release|Any CPU.Deploy.0 = Release|Any CPU
		{31E7D08D-2541-45A6-B8AA-75F1DEE2228D}.Release|ARM.ActiveCfg = Release|Any CPU
		{31E7D08D-2541-45A6-B8AA-75F1DEE2228D}.Release|ARM.Build.0 = Release|Any CPU
		{31E7D08D-2541-45A6-B8AA-75F1DEE2228D}.Release|ARM.Deploy.0 = Release|Any CPU
		{31E7D08D-2541-45A6-B8AA-75F1DEE2228D}.Release|iPhone.ActiveCfg = Release|Any CPU
		{31E7D08D-2541-45A6-B8AA-75F1DEE2228D}.Release|iPhone.Build.0 = Release|Any CPU
		{31E7D08D-2541-45A6-B8AA-75F1DEE2228D}.Release|iPhone.Deploy.0 = Release|Any CPU
		{31E7D08D-2541-45A6-B8AA-75F1DEE2228D}.Release|iPhoneSimulator.ActiveCfg = Release|Any CPU
		{31E7D08D-2541-45A6-B8AA-75F1DEE2228D}.Release|iPhoneSimulator.Build.0 = Release|Any CPU
		{31E7D08D-2541-45A6-B8AA-75F1DEE2228D}.Release|iPhoneSimulator.Deploy.0 = Release|Any CPU
		{31E7D08D-2541-45A6-B8AA-75F1DEE2228D}.Release|x64.ActiveCfg = Release|Any CPU
		{31E7D08D-2541-45A6-B8AA-75F1DEE2228D}.Release|x64.Build.0 = Release|Any CPU
		{31E7D08D-2541-45A6-B8AA-75F1DEE2228D}.Release|x64.Deploy.0 = Release|Any CPU
		{31E7D08D-2541-45A6-B8AA-75F1DEE2228D}.Release|x86.ActiveCfg = Release|Any CPU
		{31E7D08D-2541-45A6-B8AA-75F1DEE2228D}.Release|x86.Build.0 = Release|Any CPU
		{31E7D08D-2541-45A6-B8AA-75F1DEE2228D}.Release|x86.Deploy.0 = Release|Any CPU
	EndGlobalSection
	GlobalSection(SolutionProperties) = preSolution
		HideSolutionNode = FALSE
	EndGlobalSection
	GlobalSection(ExtensibilityGlobals) = postSolution
		SolutionGuid = {AC65D5C9-A2FA-40DD-9047-607DE4857390}
	EndGlobalSection
EndGlobal
